
Microsoft Visual Studio Solution File, Format Version 12.00
# Visual Studio 14
VisualStudioVersion = 14.0.25420.1
MinimumVisualStudioVersion = 10.0.40219.1
Project("{FAE04EC0-301F-11D3-BF4B-00C04F79EFBC}") = "BookShopSytem.Models", "BookShopSytem.Models\BookShopSytem.Models.csproj", "{FA07C220-C722-46B4-96B6-AEF0A942FDD7}"
EndProject
Project("{FAE04EC0-301F-11D3-BF4B-00C04F79EFBC}") = "BookShopSystem.Data", "BookShopSystem.Data\BookShopSystem.Data.csproj", "{0A798E0D-36DE-466D-95E1-9A4C04D0D2FD}"
EndProject
Project("{FAE04EC0-301F-11D3-BF4B-00C04F79EFBC}") = "BookShopSystem.WebApi", "BookShopSystem.WebApi\BookShopSystem.WebApi.csproj", "{D1245A71-84AE-42D8-B46A-74D6447AAB74}"
EndProject
Project("{FAE04EC0-301F-11D3-BF4B-00C04F79EFBC}") = "BookShopSystem.Services", "BookShopSystem.Services\BookShopSystem.Services.csproj", "{63997D06-E73C-4D91-8734-324847D78A8C}"
EndProject
Global
	GlobalSection(SolutionConfigurationPlatforms) = preSolution
		Debug|Any CPU = Debug|Any CPU
		Release|Any CPU = Release|Any CPU
	EndGlobalSection
	GlobalSection(ProjectConfigurationPlatforms) = postSolution
		{FA07C220-C722-46B4-96B6-AEF0A942FDD7}.Debug|Any CPU.ActiveCfg = Debug|Any CPU
		{FA07C220-C722-46B4-96B6-AEF0A942FDD7}.Debug|Any CPU.Build.0 = Debug|Any CPU
		{FA07C220-C722-46B4-96B6-AEF0A942FDD7}.Release|Any CPU.ActiveCfg = Release|Any CPU
		{FA07C220-C722-46B4-96B6-AEF0A942FDD7}.Release|Any CPU.Build.0 = Release|Any CPU
		{0A798E0D-36DE-466D-95E1-9A4C04D0D2FD}.Debug|Any CPU.ActiveCfg = Debug|Any CPU
		{0A798E0D-36DE-466D-95E1-9A4C04D0D2FD}.Debug|Any CPU.Build.0 = Debug|Any CPU
		{0A798E0D-36DE-466D-95E1-9A4C04D0D2FD}.Release|Any CPU.ActiveCfg = Release|Any CPU
		{0A798E0D-36DE-466D-95E1-9A4C04D0D2FD}.Release|Any CPU.Build.0 = Release|Any CPU
		{D1245A71-84AE-42D8-B46A-74D6447AAB74}.Debug|Any CPU.ActiveCfg = Debug|Any CPU
		{D1245A71-84AE-42D8-B46A-74D6447AAB74}.Debug|Any CPU.Build.0 = Debug|Any CPU
		{D1245A71-84AE-42D8-B46A-74D6447AAB74}.Release|Any CPU.ActiveCfg = Release|Any CPU
		{D1245A71-84AE-42D8-B46A-74D6447AAB74}.Release|Any CPU.Build.0 = Release|Any CPU
		{63997D06-E73C-4D91-8734-324847D78A8C}.Debug|Any CPU.ActiveCfg = Debug|Any CPU
		{63997D06-E73C-4D91-8734-324847D78A8C}.Debug|Any CPU.Build.0 = Debug|Any CPU
		{63997D06-E73C-4D91-8734-324847D78A8C}.Release|Any CPU.ActiveCfg = Release|Any CPU
		{63997D06-E73C-4D91-8734-324847D78A8C}.Release|Any CPU.Build.0 = Release|Any CPU
	EndGlobalSection
	GlobalSection(SolutionProperties) = preSolution
		HideSolutionNode = FALSE
	EndGlobalSection
EndGlobal
